{
  "name": "jsn-utils",
  "version": "3.0.0-beta.1",
  "lockfileVersion": 3,
  "requires": true,
  "packages": {
    "": {
      "name": "jsn-utils",
      "version": "3.0.0-beta.1",
      "license": "MIT",
      "dependencies": {
        "zod": "^4.0.0-beta.20250505T012514"
      },
      "devDependencies": {
        "typescript": "^5.8.3"
      }
    },
    "node_modules/@zod/core": {
      "version": "0.11.4",
      "resolved": "https://registry.npmjs.org/@zod/core/-/core-0.11.4.tgz",
      "integrity": "sha512-ezfAaaxgjSXZw9sH5QJ4/uqFmg8PbwBFtdSlzz1OoXWcSUR4fj4meS491+lk9ZGxCymjJ/pbOSu7nzcxvHtG0g==",
      "license": "MIT",
      "funding": {
        "url": "https://github.com/sponsors/colinhacks"
      }
    },
    "node_modules/typescript": {
      "version": "5.8.3",
      "resolved": "https://registry.npmjs.org/typescript/-/typescript-5.8.3.tgz",
      "integrity": "sha512-p1diW6TqL9L07nNxvRMM7hMMw4c5XOo/1ibL4aAIGmSAt9slTE1Xgw5KWuof2uTOvCg9BY7ZRi+GaF+7sfgPeQ==",
      "dev": true,
      "license": "Apache-2.0",
      "bin": {
        "tsc": "bin/tsc",
        "tsserver": "bin/tsserver"
      },
      "engines": {
        "node": ">=14.17"
      }
    },
    "node_modules/zod": {
      "version": "4.0.0-beta.20250505T012514",
      "resolved": "https://registry.npmjs.org/zod/-/zod-4.0.0-beta.20250505T012514.tgz",
      "integrity": "sha512-b9Oif/j2uIFuimTO3xqTZP71cfNcv49G7sSDF8wp4+MH2tSCDgRDy5RKEMbLtD0LTrmGznL/gYqqDW7U80PudA==",
      "license": "MIT",
      "dependencies": {
        "@zod/core": "0.11.4"
      },
      "funding": {
        "url": "https://github.com/sponsors/colinhacks"
      }
    }
  }
}
